// !$*UTF8*$!
{
	archiveVersion = 1;
	classes = {
	};
	objectVersion = 46;
	objects = {

/* Begin PBXBuildFile section */
		8E0A72411E042E6200AD744D /* GetPhoto.m in Sources */ = {isa = PBXBuildFile; fileRef = 8E0A72401E042E6200AD744D /* GetPhoto.m */; };
		8E0A72431E043A0E00AD744D /* Default-568h@2x.png in Resources */ = {isa = PBXBuildFile; fileRef = 8E0A72421E043A0E00AD744D /* Default-568h@2x.png */; };
		8E10350A1DF995F000B46350 /* SecondViewController.m in Sources */ = {isa = PBXBuildFile; fileRef = 8E1035091DF995F000B46350 /* SecondViewController.m */; };
		8E1035101DF9B96C00B46350 /* TableView.m in Sources */ = {isa = PBXBuildFile; fileRef = 8E10350F1DF9B96C00B46350 /* TableView.m */; };
		8E1143461DFC431E004982EC /* projectListController.m in Sources */ = {isa = PBXBuildFile; fileRef = 8E1143451DFC431E004982EC /* projectListController.m */; };
		8E1143491DFC4C23004982EC /* Counter.m in Sources */ = {isa = PBXBuildFile; fileRef = 8E1143481DFC4C23004982EC /* Counter.m */; };
		8E1807951E02D76C00627CCE /* HiddenKeyborad.m in Sources */ = {isa = PBXBuildFile; fileRef = 8E1807941E02D76C00627CCE /* HiddenKeyborad.m */; };
		8E330A691DFD3908004D1220 /* TipCalculator.m in Sources */ = {isa = PBXBuildFile; fileRef = 8E330A681DFD3908004D1220 /* TipCalculator.m */; };
		8E41B4691DFEEE9B0063A2F0 /* CurrentDate.m in Sources */ = {isa = PBXBuildFile; fileRef = 8E41B4681DFEEE9B0063A2F0 /* CurrentDate.m */; };
		8E756D7F1DD36C9D00C1A0E4 /* main.m in Sources */ = {isa = PBXBuildFile; fileRef = 8E756D7E1DD36C9D00C1A0E4 /* main.m */; };
		8E756D821DD36C9D00C1A0E4 /* AppDelegate.m in Sources */ = {isa = PBXBuildFile; fileRef = 8E756D811DD36C9D00C1A0E4 /* AppDelegate.m */; };
		8E756D851DD36C9D00C1A0E4 /* ViewController.m in Sources */ = {isa = PBXBuildFile; fileRef = 8E756D841DD36C9D00C1A0E4 /* ViewController.m */; };
		8E756D8A1DD36C9D00C1A0E4 /* Assets.xcassets in Resources */ = {isa = PBXBuildFile; fileRef = 8E756D891DD36C9D00C1A0E4 /* Assets.xcassets */; };
		8E756D8D1DD36C9D00C1A0E4 /* LaunchScreen.storyboard in Resources */ = {isa = PBXBuildFile; fileRef = 8E756D8B1DD36C9D00C1A0E4 /* LaunchScreen.storyboard */; };
		8E7F2B2B1E019B74005D9AFD /* PassData.m in Sources */ = {isa = PBXBuildFile; fileRef = 8E7F2B2A1E019B74005D9AFD /* PassData.m */; };
/* End PBXBuildFile section */

/* Begin PBXFileReference section */
		8E0A723F1E042E6200AD744D /* GetPhoto.h */ = {isa = PBXFileReference; fileEncoding = 4; lastKnownFileType = sourcecode.c.h; name = GetPhoto.h; path = Project08/GetPhoto.h; sourceTree = "<group>"; };
		8E0A72401E042E6200AD744D /* GetPhoto.m */ = {isa = PBXFileReference; fileEncoding = 4; lastKnownFileType = sourcecode.c.objc; name = GetPhoto.m; path = Project08/GetPhoto.m; sourceTree = "<group>"; };
		8E0A72421E043A0E00AD744D /* Default-568h@2x.png */ = {isa = PBXFileReference; lastKnownFileType = image.png; path = "Default-568h@2x.png"; sourceTree = "<group>"; };
		8E1035081DF995F000B46350 /* SecondViewController.h */ = {isa = PBXFileReference; fileEncoding = 4; lastKnownFileType = sourcecode.c.h; name = SecondViewController.h; path = ../SecondViewController.h; sourceTree = "<group>"; };
		8E1035091DF995F000B46350 /* SecondViewController.m */ = {isa = PBXFileReference; fileEncoding = 4; lastKnownFileType = sourcecode.c.objc; name = SecondViewController.m; path = ../SecondViewController.m; sourceTree = "<group>"; };
		8E10350E1DF9B96C00B46350 /* TableView.h */ = {isa = PBXFileReference; fileEncoding = 4; lastKnownFileType = sourcecode.c.h; name = TableView.h; path = Project01/TableView.h; sourceTree = "<group>"; };
		8E10350F1DF9B96C00B46350 /* TableView.m */ = {isa = PBXFileReference; fileEncoding = 4; lastKnownFileType = sourcecode.c.objc; name = TableView.m; path = Project01/TableView.m; sourceTree = "<group>"; };
		8E1143441DFC431E004982EC /* projectListController.h */ = {isa = PBXFileReference; fileEncoding = 4; lastKnownFileType = sourcecode.c.h; name = projectListController.h; path = Project01/projectListController.h; sourceTree = "<group>"; };
		8E1143451DFC431E004982EC /* projectListController.m */ = {isa = PBXFileReference; fileEncoding = 4; lastKnownFileType = sourcecode.c.objc; name = projectListController.m; path = Project01/projectListController.m; sourceTree = "<group>"; };
		8E1143471DFC4C23004982EC /* Counter.h */ = {isa = PBXFileReference; fileEncoding = 4; lastKnownFileType = sourcecode.c.h; name = Counter.h; path = Project03/Counter.h; sourceTree = "<group>"; };
		8E1143481DFC4C23004982EC /* Counter.m */ = {isa = PBXFileReference; fileEncoding = 4; lastKnownFileType = sourcecode.c.objc; name = Counter.m; path = Project03/Counter.m; sourceTree = "<group>"; };
		8E1807931E02D76C00627CCE /* HiddenKeyborad.h */ = {isa = PBXFileReference; fileEncoding = 4; lastKnownFileType = sourcecode.c.h; name = HiddenKeyborad.h; path = Project07/HiddenKeyborad.h; sourceTree = "<group>"; };
		8E1807941E02D76C00627CCE /* HiddenKeyborad.m */ = {isa = PBXFileReference; fileEncoding = 4; lastKnownFileType = sourcecode.c.objc; name = HiddenKeyborad.m; path = Project07/HiddenKeyborad.m; sourceTree = "<group>"; };
		8E330A671DFD3908004D1220 /* TipCalculator.h */ = {isa = PBXFileReference; fileEncoding = 4; lastKnownFileType = sourcecode.c.h; name = TipCalculator.h; path = Project04/TipCalculator.h; sourceTree = "<group>"; };
		8E330A681DFD3908004D1220 /* TipCalculator.m */ = {isa = PBXFileReference; fileEncoding = 4; lastKnownFileType = sourcecode.c.objc; name = TipCalculator.m; path = Project04/TipCalculator.m; sourceTree = "<group>"; };
		8E41B4671DFEEE9B0063A2F0 /* CurrentDate.h */ = {isa = PBXFileReference; fileEncoding = 4; lastKnownFileType = sourcecode.c.h; name = CurrentDate.h; path = Project05/CurrentDate.h; sourceTree = "<group>"; };
		8E41B4681DFEEE9B0063A2F0 /* CurrentDate.m */ = {isa = PBXFileReference; fileEncoding = 4; lastKnownFileType = sourcecode.c.objc; name = CurrentDate.m; path = Project05/CurrentDate.m; sourceTree = "<group>"; };
		8E756D7A1DD36C9D00C1A0E4 /* learn_ios.app */ = {isa = PBXFileReference; explicitFileType = wrapper.application; includeInIndex = 0; path = learn_ios.app; sourceTree = BUILT_PRODUCTS_DIR; };
		8E756D7E1DD36C9D00C1A0E4 /* main.m */ = {isa = PBXFileReference; lastKnownFileType = sourcecode.c.objc; path = main.m; sourceTree = "<group>"; };
		8E756D801DD36C9D00C1A0E4 /* AppDelegate.h */ = {isa = PBXFileReference; lastKnownFileType = sourcecode.c.h; path = AppDelegate.h; sourceTree = "<group>"; };
		8E756D811DD36C9D00C1A0E4 /* AppDelegate.m */ = {isa = PBXFileReference; lastKnownFileType = sourcecode.c.objc; path = AppDelegate.m; sourceTree = "<group>"; };
		8E756D831DD36C9D00C1A0E4 /* ViewController.h */ = {isa = PBXFileReference; lastKnownFileType = sourcecode.c.h; path = ViewController.h; sourceTree = "<group>"; };
		8E756D841DD36C9D00C1A0E4 /* ViewController.m */ = {isa = PBXFileReference; lastKnownFileType = sourcecode.c.objc; path = ViewController.m; sourceTree = "<group>"; };
		8E756D891DD36C9D00C1A0E4 /* Assets.xcassets */ = {isa = PBXFileReference; lastKnownFileType = folder.assetcatalog; path = Assets.xcassets; sourceTree = "<group>"; };
		8E756D8C1DD36C9D00C1A0E4 /* Base */ = {isa = PBXFileReference; lastKnownFileType = file.storyboard; name = Base; path = Base.lproj/LaunchScreen.storyboard; sourceTree = "<group>"; };
		8E756D8E1DD36C9D00C1A0E4 /* Info.plist */ = {isa = PBXFileReference; lastKnownFileType = text.plist.xml; path = Info.plist; sourceTree = "<group>"; };
		8E7F2B291E019B74005D9AFD /* PassData.h */ = {isa = PBXFileReference; fileEncoding = 4; lastKnownFileType = sourcecode.c.h; name = PassData.h; path = Project06/PassData.h; sourceTree = "<group>"; };
		8E7F2B2A1E019B74005D9AFD /* PassData.m */ = {isa = PBXFileReference; fileEncoding = 4; lastKnownFileType = sourcecode.c.objc; name = PassData.m; path = Project06/PassData.m; sourceTree = "<group>"; };
/* End PBXFileReference section */

/* Begin PBXFrameworksBuildPhase section */
		8E756D771DD36C9D00C1A0E4 /* Frameworks */ = {
			isa = PBXFrameworksBuildPhase;
			buildActionMask = 2147483647;
			files = (
			);
			runOnlyForDeploymentPostprocessing = 0;
		};
/* End PBXFrameworksBuildPhase section */

/* Begin PBXGroup section */
		8E756D711DD36C9D00C1A0E4 = {
			isa = PBXGroup;
			children = (
				8E0A72421E043A0E00AD744D /* Default-568h@2x.png */,
				8E756D7C1DD36C9D00C1A0E4 /* learn_ios */,
				8E756D7B1DD36C9D00C1A0E4 /* Products */,
			);
			sourceTree = "<group>";
		};
		8E756D7B1DD36C9D00C1A0E4 /* Products */ = {
			isa = PBXGroup;
			children = (
				8E756D7A1DD36C9D00C1A0E4 /* learn_ios.app */,
			);
			name = Products;
			sourceTree = "<group>";
		};
		8E756D7C1DD36C9D00C1A0E4 /* learn_ios */ = {
			isa = PBXGroup;
			children = (
				8E756D801DD36C9D00C1A0E4 /* AppDelegate.h */,
				8E756D811DD36C9D00C1A0E4 /* AppDelegate.m */,
				8E756D831DD36C9D00C1A0E4 /* ViewController.h */,
				8E756D841DD36C9D00C1A0E4 /* ViewController.m */,
				8E10350E1DF9B96C00B46350 /* TableView.h */,
				8E10350F1DF9B96C00B46350 /* TableView.m */,
				8E1143441DFC431E004982EC /* projectListController.h */,
				8E1143451DFC431E004982EC /* projectListController.m */,
				8E1143471DFC4C23004982EC /* Counter.h */,
				8E1143481DFC4C23004982EC /* Counter.m */,
				8E330A671DFD3908004D1220 /* TipCalculator.h */,
				8E330A681DFD3908004D1220 /* TipCalculator.m */,
				8E41B4671DFEEE9B0063A2F0 /* CurrentDate.h */,
				8E41B4681DFEEE9B0063A2F0 /* CurrentDate.m */,
				8E7F2B291E019B74005D9AFD /* PassData.h */,
				8E7F2B2A1E019B74005D9AFD /* PassData.m */,
				8E1807931E02D76C00627CCE /* HiddenKeyborad.h */,
				8E1807941E02D76C00627CCE /* HiddenKeyborad.m */,
				8E0A723F1E042E6200AD744D /* GetPhoto.h */,
				8E0A72401E042E6200AD744D /* GetPhoto.m */,
				8E1035081DF995F000B46350 /* SecondViewController.h */,
				8E1035091DF995F000B46350 /* SecondViewController.m */,
				8E756D891DD36C9D00C1A0E4 /* Assets.xcassets */,
				8E756D8B1DD36C9D00C1A0E4 /* LaunchScreen.storyboard */,
				8E756D8E1DD36C9D00C1A0E4 /* Info.plist */,
				8E756D7D1DD36C9D00C1A0E4 /* Supporting Files */,
			);
			path = learn_ios;
			sourceTree = "<group>";
		};
		8E756D7D1DD36C9D00C1A0E4 /* Supporting Files */ = {
			isa = PBXGroup;
			children = (
				8E756D7E1DD36C9D00C1A0E4 /* main.m */,
			);
			name = "Supporting Files";
			sourceTree = "<group>";
		};
/* End PBXGroup section */

/* Begin PBXNativeTarget section */
		8E756D791DD36C9D00C1A0E4 /* learn_ios */ = {
			isa = PBXNativeTarget;
			buildConfigurationList = 8E756D911DD36C9D00C1A0E4 /* Build configuration list for PBXNativeTarget "learn_ios" */;
			buildPhases = (
				8E756D761DD36C9D00C1A0E4 /* Sources */,
				8E756D771DD36C9D00C1A0E4 /* Frameworks */,
				8E756D781DD36C9D00C1A0E4 /* Resources */,
			);
			buildRules = (
			);
			dependencies = (
			);
			name = learn_ios;
			productName = learn_ios;
			productReference = 8E756D7A1DD36C9D00C1A0E4 /* learn_ios.app */;
			productType = "com.apple.product-type.application";
		};
/* End PBXNativeTarget section */

/* Begin PBXProject section */
		8E756D721DD36C9D00C1A0E4 /* Project object */ = {
			isa = PBXProject;
			attributes = {
				LastUpgradeCheck = 0820;
				ORGANIZATIONNAME = ltaoo;
				TargetAttributes = {
					8E756D791DD36C9D00C1A0E4 = {
						CreatedOnToolsVersion = 8.1;
						ProvisioningStyle = Automatic;
					};
				};
			};
			buildConfigurationList = 8E756D751DD36C9D00C1A0E4 /* Build configuration list for PBXProject "learn_ios" */;
			compatibilityVersion = "Xcode 3.2";
			developmentRegion = English;
			hasScannedForEncodings = 0;
			knownRegions = (
				en,
				Base,
			);
			mainGroup = 8E756D711DD36C9D00C1A0E4;
			productRefGroup = 8E756D7B1DD36C9D00C1A0E4 /* Products */;
			projectDirPath = "";
			projectRoot = "";
			targets = (
				8E756D791DD36C9D00C1A0E4 /* learn_ios */,
			);
		};
/* End PBXProject section */

/* Begin PBXResourcesBuildPhase section */
		8E756D781DD36C9D00C1A0E4 /* Resources */ = {
			isa = PBXResourcesBuildPhase;
			buildActionMask = 2147483647;
			files = (
				8E756D8D1DD36C9D00C1A0E4 /* LaunchScreen.storyboard in Resources */,
				8E756D8A1DD36C9D00C1A0E4 /* Assets.xcassets in Resources */,
				8E0A72431E043A0E00AD744D /* Default-568h@2x.png in Resources */,
			);
			runOnlyForDeploymentPostprocessing = 0;
		};
/* End PBXResourcesBuildPhase section */

/* Begin PBXSourcesBuildPhase section */
		8E756D761DD36C9D00C1A0E4 /* Sources */ = {
			isa = PBXSourcesBuildPhase;
			buildActionMask = 2147483647;
			files = (
				8E41B4691DFEEE9B0063A2F0 /* CurrentDate.m in Sources */,
				8E10350A1DF995F000B46350 /* SecondViewController.m in Sources */,
				8E330A691DFD3908004D1220 /* TipCalculator.m in Sources */,
				8E756D851DD36C9D00C1A0E4 /* ViewController.m in Sources */,
				8E756D821DD36C9D00C1A0E4 /* AppDelegate.m in Sources */,
				8E1035101DF9B96C00B46350 /* TableView.m in Sources */,
				8E756D7F1DD36C9D00C1A0E4 /* main.m in Sources */,
				8E1143491DFC4C23004982EC /* Counter.m in Sources */,
				8E1807951E02D76C00627CCE /* HiddenKeyborad.m in Sources */,
				8E7F2B2B1E019B74005D9AFD /* PassData.m in Sources */,
				8E1143461DFC431E004982EC /* projectListController.m in Sources */,
				8E0A72411E042E6200AD744D /* GetPhoto.m in Sources */,
			);
			runOnlyForDeploymentPostprocessing = 0;
		};
/* End PBXSourcesBuildPhase section */

/* Begin PBXVariantGroup section */
		8E756D8B1DD36C9D00C1A0E4 /* LaunchScreen.storyboard */ = {
			isa = PBXVariantGroup;
			children = (
				8E756D8C1DD36C9D00C1A0E4 /* Base */,
			);
			name = LaunchScreen.storyboard;
			sourceTree = "<group>";
		};
/* End PBXVariantGroup section */

/* Begin XCBuildConfiguration section */
		8E756D8F1DD36C9D00C1A0E4 /* Debug */ = {
			isa = XCBuildConfiguration;
			buildSettings = {
				ALWAYS_SEARCH_USER_PATHS = NO;
				CLANG_ANALYZER_NONNULL = YES;
				CLANG_CXX_LANGUAGE_STANDARD = "gnu++0x";
				CLANG_CXX_LIBRARY = "libc++";
				CLANG_ENABLE_MODULES = YES;
				CLANG_ENABLE_OBJC_ARC = YES;
				CLANG_WARN_BOOL_CONVERSION = YES;
				CLANG_WARN_CONSTANT_CONVERSION = YES;
				CLANG_WARN_DIRECT_OBJC_ISA_USAGE = YES_ERROR;
				CLANG_WARN_DOCUMENTATION_COMMENTS = YES;
				CLANG_WARN_EMPTY_BODY = YES;
				CLANG_WARN_ENUM_CONVERSION = YES;
				CLANG_WARN_INFINITE_RECURSION = YES;
				CLANG_WARN_INT_CONVERSION = YES;
				CLANG_WARN_OBJC_ROOT_CLASS = YES_ERROR;
				CLANG_WARN_SUSPICIOUS_MOVE = YES;
				CLANG_WARN_SUSPICIOUS_MOVES = YES;
				CLANG_WARN_UNREACHABLE_CODE = YES;
				CLANG_WARN__DUPLICATE_METHOD_MATCH = YES;
				"CODE_SIGN_IDENTITY[sdk=iphoneos*]" = "iPhone Developer";
				COPY_PHASE_STRIP = NO;
				DEBUG_INFORMATION_FORMAT = dwarf;
				ENABLE_STRICT_OBJC_MSGSEND = YES;
				ENABLE_TESTABILITY = YES;
				GCC_C_LANGUAGE_STANDARD = gnu99;
				GCC_DYNAMIC_NO_PIC = NO;
				GCC_NO_COMMON_BLOCKS = YES;
				GCC_OPTIMIZATION_LEVEL = 0;
				GCC_PREPROCESSOR_DEFINITIONS = (
					"DEBUG=1",
					"$(inherited)",
				);
				GCC_WARN_64_TO_32_BIT_CONVERSION = YES;
				GCC_WARN_ABOUT_RETURN_TYPE = YES_ERROR;
				GCC_WARN_UNDECLARED_SELECTOR = YES;
				GCC_WARN_UNINITIALIZED_AUTOS = YES_AGGRESSIVE;
				GCC_WARN_UNUSED_FUNCTION = YES;
				GCC_WARN_UNUSED_VARIABLE = YES;
				IPHONEOS_DEPLOYMENT_TARGET = 10.1;
				MTL_ENABLE_DEBUG_INFO = YES;
				ONLY_ACTIVE_ARCH = YES;
				SDKROOT = iphoneos;
				TARGETED_DEVICE_FAMILY = "1,2";
			};
			name = Debug;
		};
		8E756D901DD36C9D00C1A0E4 /* Release */ = {
			isa = XCBuildConfiguration;
			buildSettings = {
				ALWAYS_SEARCH_USER_PATHS = NO;
				CLANG_ANALYZER_NONNULL = YES;
				CLANG_CXX_LANGUAGE_STANDARD = "gnu++0x";
				CLANG_CXX_LIBRARY = "libc++";
				CLANG_ENABLE_MODULES = YES;
				CLANG_ENABLE_OBJC_ARC = YES;
				CLANG_WARN_BOOL_CONVERSION = YES;
				CLANG_WARN_CONSTANT_CONVERSION = YES;
				CLANG_WARN_DIRECT_OBJC_ISA_USAGE = YES_ERROR;
				CLANG_WARN_DOCUMENTATION_COMMENTS = YES;
				CLANG_WARN_EMPTY_BODY = YES;
				CLANG_WARN_ENUM_CONVERSION = YES;
				CLANG_WARN_INFINITE_RECURSION = YES;
				CLANG_WARN_INT_CONVERSION = YES;
				CLANG_WARN_OBJC_ROOT_CLASS = YES_ERROR;
				CLANG_WARN_SUSPICIOUS_MOVE = YES;
				CLANG_WARN_SUSPICIOUS_MOVES = YES;
				CLANG_WARN_UNREACHABLE_CODE = YES;
				CLANG_WARN__DUPLICATE_METHOD_MATCH = YES;
				"CODE_SIGN_IDENTITY[sdk=iphoneos*]" = "iPhone Developer";
				COPY_PHASE_STRIP = NO;
				DEBUG_INFORMATION_FORMAT = "dwarf-with-dsym";
				ENABLE_NS_ASSERTIONS = NO;
				ENABLE_STRICT_OBJC_MSGSEND = YES;
				GCC_C_LANGUAGE_STANDARD = gnu99;
				GCC_NO_COMMON_BLOCKS = YES;
				GCC_WARN_64_TO_32_BIT_CONVERSION = YES;
				GCC_WARN_ABOUT_RETURN_TYPE = YES_ERROR;
				GCC_WARN_UNDECLARED_SELECTOR = YES;
				GCC_WARN_UNINITIALIZED_AUTOS = YES_AGGRESSIVE;
				GCC_WARN_UNUSED_FUNCTION = YES;
				GCC_WARN_UNUSED_VARIABLE = YES;
				IPHONEOS_DEPLOYMENT_TARGET = 10.1;
				MTL_ENABLE_DEBUG_INFO = NO;
				SDKROOT = iphoneos;
				TARGETED_DEVICE_FAMILY = "1,2";
				VALIDATE_PRODUCT = YES;
			};
			name = Release;
		};
		8E756D921DD36C9D00C1A0E4 /* Debug */ = {
			isa = XCBuildConfiguration;
			buildSettings = {
				ASSETCATALOG_COMPILER_APPICON_NAME = AppIcon;
				INFOPLIST_FILE = learn_ios/Info.plist;
				LD_RUNPATH_SEARCH_PATHS = "$(inherited) @executable_path/Frameworks";
				PRODUCT_BUNDLE_IDENTIFIER = "ltaoo.learn-ios";
				PRODUCT_NAME = "$(TARGET_NAME)";
			};
			name = Debug;
		};
		8E756D931DD36C9D00C1A0E4 /* Release */ = {
			isa = XCBuildConfiguration;
			buildSettings = {
				ASSETCATALOG_COMPILER_APPICON_NAME = AppIcon;
				INFOPLIST_FILE = learn_ios/Info.plist;
				LD_RUNPATH_SEARCH_PATHS = "$(inherited) @executable_path/Frameworks";
				PRODUCT_BUNDLE_IDENTIFIER = "ltaoo.learn-ios";
				PRODUCT_NAME = "$(TARGET_NAME)";
			};
			name = Release;
		};
/* End XCBuildConfiguration section */

/* Begin XCConfigurationList section */
		8E756D751DD36C9D00C1A0E4 /* Build configuration list for PBXProject "learn_ios" */ = {
			isa = XCConfigurationList;
			buildConfigurations = (
				8E756D8F1DD36C9D00C1A0E4 /* Debug */,
				8E756D901DD36C9D00C1A0E4 /* Release */,
			);
			defaultConfigurationIsVisible = 0;
			defaultConfigurationName = Release;
		};
		8E756D911DD36C9D00C1A0E4 /* Build configuration list for PBXNativeTarget "learn_ios" */ = {
			isa = XCConfigurationList;
			buildConfigurations = (
				8E756D921DD36C9D00C1A0E4 /* Debug */,
				8E756D931DD36C9D00C1A0E4 /* Release */,
			);
			defaultConfigurationIsVisible = 0;
			defaultConfigurationName = Release;
		};
/* End XCConfigurationList section */
	};
	rootObject = 8E756D721DD36C9D00C1A0E4 /* Project object */;
}
